
Microsoft Visual Studio Solution File, Format Version 11.00
# Visual Studio 2010
Project("{FAE04EC0-301F-11D3-BF4B-00C04F79EFBC}") = "Scripts", "Scripts.csproj", "{356fe035-2279-adaf-2fa0-6fbdacaa62f7}"
EndProject
Project("{FAE04EC0-301F-11D3-BF4B-00C04F79EFBC}") = "ViconPluginUtils", "ViconPluginUtils.csproj", "{4997badb-8b92-7dd0-ea9c-d1bc7f6fc6c4}"
EndProject
Global
	GlobalSection(SolutionConfigurationPlatforms) = preSolution
		Debug|Any CPU = Debug|Any CPU
	EndGlobalSection
	GlobalSection(ProjectConfigurationPlatforms) = postSolution
		{356fe035-2279-adaf-2fa0-6fbdacaa62f7}.Debug|Any CPU.ActiveCfg = Debug|Any CPU
		{356fe035-2279-adaf-2fa0-6fbdacaa62f7}.Debug|Any CPU.Build.0 = Debug|Any CPU
		{4997badb-8b92-7dd0-ea9c-d1bc7f6fc6c4}.Debug|Any CPU.ActiveCfg = Debug|Any CPU
		{4997badb-8b92-7dd0-ea9c-d1bc7f6fc6c4}.Debug|Any CPU.Build.0 = Debug|Any CPU
	EndGlobalSection
	GlobalSection(SolutionProperties) = preSolution
		HideSolutionNode = FALSE
	EndGlobalSection
EndGlobal
